github.com/google/go-cmp v0.7.0 h1:wk8382ETsv4JYUZwIsn6YpYiWiBsYLSJiTsyBybVuN8=
github.com/google/go-cmp v0.7.0/go.mod h1:pXiqmnSA92OHEEa9HXL2W4E7lf9JzCmGVUdgjX3N/iU=
github.com/google/uuid v1.6.0 h1:NIvaJDMOsjHA8n1jAhLSgzrAzy1Hgr+hNrb57e+94F0=
github.com/google/uuid v1.6.0/go.mod h1:TIyPZe4MgqvfeYDBFedMoGGpEw/LqOeaOT+nhxU+yHo=
github.com/ondi/go-cache v0.0.0-20230425151132-e34113a7989a h1:GiJ4x7qusRIfRmC52vcXE8GfNojglGDEHAox37hxchs=
github.com/ondi/go-cache v0.0.0-20230425151132-e34113a7989a/go.mod h1:KHvTO08bISVccwhHh62tNAJHn/P9vS9RTDvW9CKX6hA=
github.com/ondi/go-circular v0.0.0-20250228092841-58964bf0fa4f h1:ghF4vDRdp0kEj65vkMVyi2h56ztKnS5e+6cwqcPxs+A=
github.com/ondi/go-circular v0.0.0-20250228092841-58964bf0fa4f/go.mod h1:f7g84oUUNUAL6teyMPWlIFo2vqbaz7SjXpQMSP7mJKs=
github.com/ondi/go-queue v0.0.0-20250228093215-578a57a1d9c9 h1:9LUnOINVkMXz4DHXZVKStCkpIhkiXXAmlyZegblq3l4=
github.com/ondi/go-queue v0.0.0-20250228093215-578a57a1d9c9/go.mod h1:oFxjFUGF+wnTKEtq/COYZ86HNYhmQ4Y/NE7RWnbY/YI=
github.com/pkg/errors v0.9.1 h1:FEBLx1zS214owpjy7qsBeixbURkuhQAwrK5UwLGTwt4=
github.com/pkg/errors v0.9.1/go.mod h1:bwawxfHBFNV+L2hUp1rHADufV3IMtnDRdf1r5NINEl0=
gotest.tools v2.2.0+incompatible h1:VsBPFP1AI068pPrMxtb/S8Zkgf9xEmTLJjfM+P5UIEo=
gotest.tools v2.2.0+incompatible/go.mod h1:DsYFclhRJ6vuDpmuTbkuFWG+y2sxOXAzmJt81HFBacw=
