github.com/google/go-cmp v0.5.6 h1:BKbKCqvP6I+rmFHt06ZmyQtvB8xAkWdhFyr0ZUNZcxQ=
github.com/google/go-cmp v0.5.6/go.mod h1:v8dTdLbMG2kIc/vJvl+f65V22dbkXbowE6jgT/gNBxE=
github.com/ondi/go-cache v0.0.0-20210726155604-9f65175da6da h1:14WjFnixSmwKbu4IyPYe4NB5WBpyMSfnYB/7Nka12w8=
github.com/ondi/go-cache v0.0.0-20210726155604-9f65175da6da/go.mod h1:HulK+k5quc9p66O3LhEzMsgeXfJJRD+UCA6Oi35Kfzw=
github.com/ondi/go-circular v0.0.0-20210820211818-b5fe0a3a1f71 h1:BC5GsuxYuGk0/nLwfln6Y3EhmpEmEONydtcBhyYtOlM=
github.com/ondi/go-circular v0.0.0-20210820211818-b5fe0a3a1f71/go.mod h1:PbkhK0L4QmTxVqjMQ5ezDT00u9pGav3/dBrNWbz9968=
github.com/ondi/go-queue v0.0.0-20210820212020-bdc17d37111b h1:/rXiUDREo48FIypwq0bPKtgKsQaATiaSB1libMc4Wh8=
github.com/ondi/go-queue v0.0.0-20210820212020-bdc17d37111b/go.mod h1:70gKm0fHGNOjOhz5URLZgkDuoXCCjd+wJuDuZ+Yp104=
github.com/pkg/errors v0.9.1 h1:FEBLx1zS214owpjy7qsBeixbURkuhQAwrK5UwLGTwt4=
github.com/pkg/errors v0.9.1/go.mod h1:bwawxfHBFNV+L2hUp1rHADufV3IMtnDRdf1r5NINEl0=
golang.org/x/xerrors v0.0.0-20191204190536-9bdfabe68543 h1:E7g+9GITq07hpfrRu66IVDexMakfv52eLZ2CXBWiKr4=
golang.org/x/xerrors v0.0.0-20191204190536-9bdfabe68543/go.mod h1:I/5z698sn9Ka8TeJc9MKroUUfqBBauWjQqLJ2OPfmY0=
gotest.tools v2.2.0+incompatible h1:VsBPFP1AI068pPrMxtb/S8Zkgf9xEmTLJjfM+P5UIEo=
gotest.tools v2.2.0+incompatible/go.mod h1:DsYFclhRJ6vuDpmuTbkuFWG+y2sxOXAzmJt81HFBacw=
